// !$*UTF8*$!
{
	archiveVersion = 1;
	classes = {
	};
	objectVersion = 50;
	objects = {

/* Begin PBXBuildFile section */
		1D051BC92603487C005FE3E3 /* NavigationBarDetailView.swift in Sources */ = {isa = PBXBuildFile; fileRef = 1D051BC82603487C005FE3E3 /* NavigationBarDetailView.swift */; };
		1D051BCC26034AD6005FE3E3 /* HeaderDetailView.swift in Sources */ = {isa = PBXBuildFile; fileRef = 1D051BCB26034AD6005FE3E3 /* HeaderDetailView.swift */; };
		1D051BCF26034C3F005FE3E3 /* TopPartDetailView.swift in Sources */ = {isa = PBXBuildFile; fileRef = 1D051BCE26034C3F005FE3E3 /* TopPartDetailView.swift */; };
		1D051BD226038FC9005FE3E3 /* CustomShape.swift in Sources */ = {isa = PBXBuildFile; fileRef = 1D051BD126038FC9005FE3E3 /* CustomShape.swift */; };
		1D051BD526039400005FE3E3 /* RatingsSizesDetailView.swift in Sources */ = {isa = PBXBuildFile; fileRef = 1D051BD426039400005FE3E3 /* RatingsSizesDetailView.swift */; };
		1D051BD826039D37005FE3E3 /* QuantityFavoriteDetailView.swift in Sources */ = {isa = PBXBuildFile; fileRef = 1D051BD726039D37005FE3E3 /* QuantityFavoriteDetailView.swift */; };
		1D051BDB2603A106005FE3E3 /* AddToCartDetailView.swift in Sources */ = {isa = PBXBuildFile; fileRef = 1D051BDA2603A106005FE3E3 /* AddToCartDetailView.swift */; };
		1D1D70C6260313160055A5A5 /* PlayerModel.swift in Sources */ = {isa = PBXBuildFile; fileRef = 1D1D70C5260313160055A5A5 /* PlayerModel.swift */; };
		1D1D70C9260313860055A5A5 /* CodableBundleExtension.swift in Sources */ = {isa = PBXBuildFile; fileRef = 1D1D70C8260313860055A5A5 /* CodableBundleExtension.swift */; };
		1D1D70CC2603152F0055A5A5 /* FeaturedItemView.swift in Sources */ = {isa = PBXBuildFile; fileRef = 1D1D70CB2603152F0055A5A5 /* FeaturedItemView.swift */; };
		1D1D70CF260318490055A5A5 /* FeaturedTabView.swift in Sources */ = {isa = PBXBuildFile; fileRef = 1D1D70CE260318490055A5A5 /* FeaturedTabView.swift */; };
		1D1D70D2260324410055A5A5 /* CategoryModel.swift in Sources */ = {isa = PBXBuildFile; fileRef = 1D1D70D1260324410055A5A5 /* CategoryModel.swift */; };
		1D1D70D5260326550055A5A5 /* CategoryItemView.swift in Sources */ = {isa = PBXBuildFile; fileRef = 1D1D70D4260326550055A5A5 /* CategoryItemView.swift */; };
		1D1D70D82603290D0055A5A5 /* CategoryGridView.swift in Sources */ = {isa = PBXBuildFile; fileRef = 1D1D70D72603290D0055A5A5 /* CategoryGridView.swift */; };
		1D1D70DB26032B8B0055A5A5 /* SectionView.swift in Sources */ = {isa = PBXBuildFile; fileRef = 1D1D70DA26032B8B0055A5A5 /* SectionView.swift */; };
		1D1D70DE26032FB80055A5A5 /* TitleView.swift in Sources */ = {isa = PBXBuildFile; fileRef = 1D1D70DD26032FB80055A5A5 /* TitleView.swift */; };
		1D1D70E1260336410055A5A5 /* ProductModel.swift in Sources */ = {isa = PBXBuildFile; fileRef = 1D1D70E0260336410055A5A5 /* ProductModel.swift */; };
		1D1D70E4260336F30055A5A5 /* ProductItemView.swift in Sources */ = {isa = PBXBuildFile; fileRef = 1D1D70E3260336F30055A5A5 /* ProductItemView.swift */; };
		1D1D70E726033C350055A5A5 /* BrandModel.swift in Sources */ = {isa = PBXBuildFile; fileRef = 1D1D70E626033C350055A5A5 /* BrandModel.swift */; };
		1D1D70EA26033CC50055A5A5 /* BrandItemView.swift in Sources */ = {isa = PBXBuildFile; fileRef = 1D1D70E926033CC50055A5A5 /* BrandItemView.swift */; };
		1D1D70ED26033E2B0055A5A5 /* BrandGridView.swift in Sources */ = {isa = PBXBuildFile; fileRef = 1D1D70EC26033E2B0055A5A5 /* BrandGridView.swift */; };
		1D1D70F0260346270055A5A5 /* ProductDetailView.swift in Sources */ = {isa = PBXBuildFile; fileRef = 1D1D70EF260346270055A5A5 /* ProductDetailView.swift */; };
		1D5D3A8D260307F700EB7E97 /* NavigationBarView.swift in Sources */ = {isa = PBXBuildFile; fileRef = 1D5D3A8C260307F700EB7E97 /* NavigationBarView.swift */; };
		1D5D3A9026030A0000EB7E97 /* LogoView.swift in Sources */ = {isa = PBXBuildFile; fileRef = 1D5D3A8F26030A0000EB7E97 /* LogoView.swift */; };
		1D6ED5442602FE5A00CE7266 /* TouchdownApp.swift in Sources */ = {isa = PBXBuildFile; fileRef = 1D6ED5432602FE5A00CE7266 /* TouchdownApp.swift */; };
		1D6ED5462602FE5A00CE7266 /* ContentView.swift in Sources */ = {isa = PBXBuildFile; fileRef = 1D6ED5452602FE5A00CE7266 /* ContentView.swift */; };
		1D6ED5482602FE5D00CE7266 /* Assets.xcassets in Resources */ = {isa = PBXBuildFile; fileRef = 1D6ED5472602FE5D00CE7266 /* Assets.xcassets */; };
		1D6ED54B2602FE5D00CE7266 /* Preview Assets.xcassets in Resources */ = {isa = PBXBuildFile; fileRef = 1D6ED54A2602FE5D00CE7266 /* Preview Assets.xcassets */; };
		1D6ED5572602FF0B00CE7266 /* category.json in Resources */ = {isa = PBXBuildFile; fileRef = 1D6ED5532602FF0B00CE7266 /* category.json */; };
		1D6ED5582602FF0B00CE7266 /* player.json in Resources */ = {isa = PBXBuildFile; fileRef = 1D6ED5542602FF0B00CE7266 /* player.json */; };
		1D6ED5592602FF0B00CE7266 /* product.json in Resources */ = {isa = PBXBuildFile; fileRef = 1D6ED5552602FF0B00CE7266 /* product.json */; };
		1D6ED55A2602FF0B00CE7266 /* brand.json in Resources */ = {isa = PBXBuildFile; fileRef = 1D6ED5562602FF0B00CE7266 /* brand.json */; };
		1D6ED566260301D100CE7266 /* Constants.swift in Sources */ = {isa = PBXBuildFile; fileRef = 1D6ED565260301D100CE7266 /* Constants.swift */; };
		1D6ED56A2603037B00CE7266 /* FooterView.swift in Sources */ = {isa = PBXBuildFile; fileRef = 1D6ED5692603037B00CE7266 /* FooterView.swift */; };
/* End PBXBuildFile section */

/* Begin PBXFileReference section */
		1D051BC82603487C005FE3E3 /* NavigationBarDetailView.swift */ = {isa = PBXFileReference; lastKnownFileType = sourcecode.swift; path = NavigationBarDetailView.swift; sourceTree = "<group>"; };
		1D051BCB26034AD6005FE3E3 /* HeaderDetailView.swift */ = {isa = PBXFileReference; lastKnownFileType = sourcecode.swift; path = HeaderDetailView.swift; sourceTree = "<group>"; };
		1D051BCE26034C3F005FE3E3 /* TopPartDetailView.swift */ = {isa = PBXFileReference; lastKnownFileType = sourcecode.swift; path = TopPartDetailView.swift; sourceTree = "<group>"; };
		1D051BD126038FC9005FE3E3 /* CustomShape.swift */ = {isa = PBXFileReference; lastKnownFileType = sourcecode.swift; path = CustomShape.swift; sourceTree = "<group>"; };
		1D051BD426039400005FE3E3 /* RatingsSizesDetailView.swift */ = {isa = PBXFileReference; lastKnownFileType = sourcecode.swift; path = RatingsSizesDetailView.swift; sourceTree = "<group>"; };
		1D051BD726039D37005FE3E3 /* QuantityFavoriteDetailView.swift */ = {isa = PBXFileReference; lastKnownFileType = sourcecode.swift; path = QuantityFavoriteDetailView.swift; sourceTree = "<group>"; };
		1D051BDA2603A106005FE3E3 /* AddToCartDetailView.swift */ = {isa = PBXFileReference; lastKnownFileType = sourcecode.swift; path = AddToCartDetailView.swift; sourceTree = "<group>"; };
		1D1D70C5260313160055A5A5 /* PlayerModel.swift */ = {isa = PBXFileReference; lastKnownFileType = sourcecode.swift; path = PlayerModel.swift; sourceTree = "<group>"; };
		1D1D70C8260313860055A5A5 /* CodableBundleExtension.swift */ = {isa = PBXFileReference; lastKnownFileType = sourcecode.swift; path = CodableBundleExtension.swift; sourceTree = "<group>"; };
		1D1D70CB2603152F0055A5A5 /* FeaturedItemView.swift */ = {isa = PBXFileReference; lastKnownFileType = sourcecode.swift; path = FeaturedItemView.swift; sourceTree = "<group>"; };
		1D1D70CE260318490055A5A5 /* FeaturedTabView.swift */ = {isa = PBXFileReference; lastKnownFileType = sourcecode.swift; path = FeaturedTabView.swift; sourceTree = "<group>"; };
		1D1D70D1260324410055A5A5 /* CategoryModel.swift */ = {isa = PBXFileReference; lastKnownFileType = sourcecode.swift; path = CategoryModel.swift; sourceTree = "<group>"; };
		1D1D70D4260326550055A5A5 /* CategoryItemView.swift */ = {isa = PBXFileReference; lastKnownFileType = sourcecode.swift; path = CategoryItemView.swift; sourceTree = "<group>"; };
		1D1D70D72603290D0055A5A5 /* CategoryGridView.swift */ = {isa = PBXFileReference; lastKnownFileType = sourcecode.swift; path = CategoryGridView.swift; sourceTree = "<group>"; };
		1D1D70DA26032B8B0055A5A5 /* SectionView.swift */ = {isa = PBXFileReference; lastKnownFileType = sourcecode.swift; path = SectionView.swift; sourceTree = "<group>"; };
		1D1D70DD26032FB80055A5A5 /* TitleView.swift */ = {isa = PBXFileReference; lastKnownFileType = sourcecode.swift; path = TitleView.swift; sourceTree = "<group>"; };
		1D1D70E0260336410055A5A5 /* ProductModel.swift */ = {isa = PBXFileReference; lastKnownFileType = sourcecode.swift; path = ProductModel.swift; sourceTree = "<group>"; };
		1D1D70E3260336F30055A5A5 /* ProductItemView.swift */ = {isa = PBXFileReference; lastKnownFileType = sourcecode.swift; path = ProductItemView.swift; sourceTree = "<group>"; };
		1D1D70E626033C350055A5A5 /* BrandModel.swift */ = {isa = PBXFileReference; lastKnownFileType = sourcecode.swift; path = BrandModel.swift; sourceTree = "<group>"; };
		1D1D70E926033CC50055A5A5 /* BrandItemView.swift */ = {isa = PBXFileReference; lastKnownFileType = sourcecode.swift; path = BrandItemView.swift; sourceTree = "<group>"; };
		1D1D70EC26033E2B0055A5A5 /* BrandGridView.swift */ = {isa = PBXFileReference; lastKnownFileType = sourcecode.swift; path = BrandGridView.swift; sourceTree = "<group>"; };
		1D1D70EF260346270055A5A5 /* ProductDetailView.swift */ = {isa = PBXFileReference; lastKnownFileType = sourcecode.swift; path = ProductDetailView.swift; sourceTree = "<group>"; };
		1D5D3A8C260307F700EB7E97 /* NavigationBarView.swift */ = {isa = PBXFileReference; lastKnownFileType = sourcecode.swift; path = NavigationBarView.swift; sourceTree = "<group>"; };
		1D5D3A8F26030A0000EB7E97 /* LogoView.swift */ = {isa = PBXFileReference; lastKnownFileType = sourcecode.swift; path = LogoView.swift; sourceTree = "<group>"; };
		1D6ED5402602FE5A00CE7266 /* Touchdown.app */ = {isa = PBXFileReference; explicitFileType = wrapper.application; includeInIndex = 0; path = Touchdown.app; sourceTree = BUILT_PRODUCTS_DIR; };
		1D6ED5432602FE5A00CE7266 /* TouchdownApp.swift */ = {isa = PBXFileReference; lastKnownFileType = sourcecode.swift; path = TouchdownApp.swift; sourceTree = "<group>"; };
		1D6ED5452602FE5A00CE7266 /* ContentView.swift */ = {isa = PBXFileReference; lastKnownFileType = sourcecode.swift; path = ContentView.swift; sourceTree = "<group>"; };
		1D6ED5472602FE5D00CE7266 /* Assets.xcassets */ = {isa = PBXFileReference; lastKnownFileType = folder.assetcatalog; path = Assets.xcassets; sourceTree = "<group>"; };
		1D6ED54A2602FE5D00CE7266 /* Preview Assets.xcassets */ = {isa = PBXFileReference; lastKnownFileType = folder.assetcatalog; path = "Preview Assets.xcassets"; sourceTree = "<group>"; };
		1D6ED54C2602FE5D00CE7266 /* Info.plist */ = {isa = PBXFileReference; lastKnownFileType = text.plist.xml; path = Info.plist; sourceTree = "<group>"; };
		1D6ED5532602FF0B00CE7266 /* category.json */ = {isa = PBXFileReference; fileEncoding = 4; lastKnownFileType = text.json; path = category.json; sourceTree = "<group>"; };
		1D6ED5542602FF0B00CE7266 /* player.json */ = {isa = PBXFileReference; fileEncoding = 4; lastKnownFileType = text.json; path = player.json; sourceTree = "<group>"; };
		1D6ED5552602FF0B00CE7266 /* product.json */ = {isa = PBXFileReference; fileEncoding = 4; lastKnownFileType = text.json; path = product.json; sourceTree = "<group>"; };
		1D6ED5562602FF0B00CE7266 /* brand.json */ = {isa = PBXFileReference; fileEncoding = 4; lastKnownFileType = text.json; path = brand.json; sourceTree = "<group>"; };
		1D6ED565260301D100CE7266 /* Constants.swift */ = {isa = PBXFileReference; lastKnownFileType = sourcecode.swift; path = Constants.swift; sourceTree = "<group>"; };
		1D6ED5692603037B00CE7266 /* FooterView.swift */ = {isa = PBXFileReference; lastKnownFileType = sourcecode.swift; path = FooterView.swift; sourceTree = "<group>"; };
/* End PBXFileReference section */

/* Begin PBXFrameworksBuildPhase section */
		1D6ED53D2602FE5A00CE7266 /* Frameworks */ = {
			isa = PBXFrameworksBuildPhase;
			buildActionMask = 2147483647;
			files = (
			);
			runOnlyForDeploymentPostprocessing = 0;
		};
/* End PBXFrameworksBuildPhase section */

/* Begin PBXGroup section */
		1D6ED5372602FE5A00CE7266 = {
			isa = PBXGroup;
			children = (
				1D6ED5422602FE5A00CE7266 /* Touchdown */,
				1D6ED5412602FE5A00CE7266 /* Products */,
			);
			sourceTree = "<group>";
		};
		1D6ED5412602FE5A00CE7266 /* Products */ = {
			isa = PBXGroup;
			children = (
				1D6ED5402602FE5A00CE7266 /* Touchdown.app */,
			);
			name = Products;
			sourceTree = "<group>";
		};
		1D6ED5422602FE5A00CE7266 /* Touchdown */ = {
			isa = PBXGroup;
			children = (
				1D6ED5642603014C00CE7266 /* Extension */,
				1D6ED5632603014900CE7266 /* Utility */,
				1D6ED5622603014700CE7266 /* App */,
				1D6ED55E2603013400CE7266 /* View */,
				1D6ED5612603014300CE7266 /* Model */,
				1D6ED55C2602FF1300CE7266 /* Data */,
				1D6ED5472602FE5D00CE7266 /* Assets.xcassets */,
				1D6ED54C2602FE5D00CE7266 /* Info.plist */,
				1D6ED5492602FE5D00CE7266 /* Preview Content */,
			);
			path = Touchdown;
			sourceTree = "<group>";
		};
		1D6ED5492602FE5D00CE7266 /* Preview Content */ = {
			isa = PBXGroup;
			children = (
				1D6ED54A2602FE5D00CE7266 /* Preview Assets.xcassets */,
			);
			path = "Preview Content";
			sourceTree = "<group>";
		};
		1D6ED55C2602FF1300CE7266 /* Data */ = {
			isa = PBXGroup;
			children = (
				1D6ED5562602FF0B00CE7266 /* brand.json */,
				1D6ED5532602FF0B00CE7266 /* category.json */,
				1D6ED5542602FF0B00CE7266 /* player.json */,
				1D6ED5552602FF0B00CE7266 /* product.json */,
			);
			path = Data;
			sourceTree = "<group>";
		};
		1D6ED55E2603013400CE7266 /* View */ = {
			isa = PBXGroup;
			children = (
				1D6ED5602603013F00CE7266 /* Detail */,
				1D6ED55F2603013800CE7266 /* Home */,
			);
			path = View;
			sourceTree = "<group>";
		};
		1D6ED55F2603013800CE7266 /* Home */ = {
			isa = PBXGroup;
			children = (
				1D6ED5692603037B00CE7266 /* FooterView.swift */,
				1D5D3A8C260307F700EB7E97 /* NavigationBarView.swift */,
				1D5D3A8F26030A0000EB7E97 /* LogoView.swift */,
				1D1D70CB2603152F0055A5A5 /* FeaturedItemView.swift */,
				1D1D70CE260318490055A5A5 /* FeaturedTabView.swift */,
				1D1D70D4260326550055A5A5 /* CategoryItemView.swift */,
				1D1D70D72603290D0055A5A5 /* CategoryGridView.swift */,
				1D1D70DA26032B8B0055A5A5 /* SectionView.swift */,
				1D1D70DD26032FB80055A5A5 /* TitleView.swift */,
				1D1D70E3260336F30055A5A5 /* ProductItemView.swift */,
				1D1D70E926033CC50055A5A5 /* BrandItemView.swift */,
				1D1D70EC26033E2B0055A5A5 /* BrandGridView.swift */,
			);
			path = Home;
			sourceTree = "<group>";
		};
		1D6ED5602603013F00CE7266 /* Detail */ = {
			isa = PBXGroup;
			children = (
				1D051BC82603487C005FE3E3 /* NavigationBarDetailView.swift */,
				1D051BCB26034AD6005FE3E3 /* HeaderDetailView.swift */,
				1D051BCE26034C3F005FE3E3 /* TopPartDetailView.swift */,
				1D051BD426039400005FE3E3 /* RatingsSizesDetailView.swift */,
				1D051BD726039D37005FE3E3 /* QuantityFavoriteDetailView.swift */,
				1D051BDA2603A106005FE3E3 /* AddToCartDetailView.swift */,
			);
			path = Detail;
			sourceTree = "<group>";
		};
		1D6ED5612603014300CE7266 /* Model */ = {
			isa = PBXGroup;
			children = (
				1D1D70C5260313160055A5A5 /* PlayerModel.swift */,
				1D1D70D1260324410055A5A5 /* CategoryModel.swift */,
				1D1D70E0260336410055A5A5 /* ProductModel.swift */,
				1D1D70E626033C350055A5A5 /* BrandModel.swift */,
			);
			path = Model;
			sourceTree = "<group>";
		};
		1D6ED5622603014700CE7266 /* App */ = {
			isa = PBXGroup;
			children = (
				1D1D70EF260346270055A5A5 /* ProductDetailView.swift */,
				1D6ED5432602FE5A00CE7266 /* TouchdownApp.swift */,
				1D6ED5452602FE5A00CE7266 /* ContentView.swift */,
			);
			path = App;
			sourceTree = "<group>";
		};
		1D6ED5632603014900CE7266 /* Utility */ = {
			isa = PBXGroup;
			children = (
				1D6ED565260301D100CE7266 /* Constants.swift */,
				1D051BD126038FC9005FE3E3 /* CustomShape.swift */,
			);
			path = Utility;
			sourceTree = "<group>";
		};
		1D6ED5642603014C00CE7266 /* Extension */ = {
			isa = PBXGroup;
			children = (
				1D1D70C8260313860055A5A5 /* CodableBundleExtension.swift */,
			);
			path = Extension;
			sourceTree = "<group>";
		};
/* End PBXGroup section */

/* Begin PBXNativeTarget section */
		1D6ED53F2602FE5A00CE7266 /* Touchdown */ = {
			isa = PBXNativeTarget;
			buildConfigurationList = 1D6ED54F2602FE5D00CE7266 /* Build configuration list for PBXNativeTarget "Touchdown" */;
			buildPhases = (
				1D6ED53C2602FE5A00CE7266 /* Sources */,
				1D6ED53D2602FE5A00CE7266 /* Frameworks */,
				1D6ED53E2602FE5A00CE7266 /* Resources */,
			);
			buildRules = (
			);
			dependencies = (
			);
			name = Touchdown;
			productName = Touchdown;
			productReference = 1D6ED5402602FE5A00CE7266 /* Touchdown.app */;
			productType = "com.apple.product-type.application";
		};
/* End PBXNativeTarget section */

/* Begin PBXProject section */
		1D6ED5382602FE5A00CE7266 /* Project object */ = {
			isa = PBXProject;
			attributes = {
				LastSwiftUpdateCheck = 1240;
				LastUpgradeCheck = 1240;
				TargetAttributes = {
					1D6ED53F2602FE5A00CE7266 = {
						CreatedOnToolsVersion = 12.4;
					};
				};
			};
			buildConfigurationList = 1D6ED53B2602FE5A00CE7266 /* Build configuration list for PBXProject "Touchdown" */;
			compatibilityVersion = "Xcode 9.3";
			developmentRegion = en;
			hasScannedForEncodings = 0;
			knownRegions = (
				en,
				Base,
			);
			mainGroup = 1D6ED5372602FE5A00CE7266;
			productRefGroup = 1D6ED5412602FE5A00CE7266 /* Products */;
			projectDirPath = "";
			projectRoot = "";
			targets = (
				1D6ED53F2602FE5A00CE7266 /* Touchdown */,
			);
		};
/* End PBXProject section */

/* Begin PBXResourcesBuildPhase section */
		1D6ED53E2602FE5A00CE7266 /* Resources */ = {
			isa = PBXResourcesBuildPhase;
			buildActionMask = 2147483647;
			files = (
				1D6ED5582602FF0B00CE7266 /* player.json in Resources */,
				1D6ED5572602FF0B00CE7266 /* category.json in Resources */,
				1D6ED54B2602FE5D00CE7266 /* Preview Assets.xcassets in Resources */,
				1D6ED5482602FE5D00CE7266 /* Assets.xcassets in Resources */,
				1D6ED5592602FF0B00CE7266 /* product.json in Resources */,
				1D6ED55A2602FF0B00CE7266 /* brand.json in Resources */,
			);
			runOnlyForDeploymentPostprocessing = 0;
		};
/* End PBXResourcesBuildPhase section */

/* Begin PBXSourcesBuildPhase section */
		1D6ED53C2602FE5A00CE7266 /* Sources */ = {
			isa = PBXSourcesBuildPhase;
			buildActionMask = 2147483647;
			files = (
				1D1D70C9260313860055A5A5 /* CodableBundleExtension.swift in Sources */,
				1D051BCC26034AD6005FE3E3 /* HeaderDetailView.swift in Sources */,
				1D051BCF26034C3F005FE3E3 /* TopPartDetailView.swift in Sources */,
				1D6ED5462602FE5A00CE7266 /* ContentView.swift in Sources */,
				1D051BD826039D37005FE3E3 /* QuantityFavoriteDetailView.swift in Sources */,
				1D5D3A9026030A0000EB7E97 /* LogoView.swift in Sources */,
				1D6ED56A2603037B00CE7266 /* FooterView.swift in Sources */,
				1D1D70CC2603152F0055A5A5 /* FeaturedItemView.swift in Sources */,
				1D051BDB2603A106005FE3E3 /* AddToCartDetailView.swift in Sources */,
				1D1D70E4260336F30055A5A5 /* ProductItemView.swift in Sources */,
				1D1D70ED26033E2B0055A5A5 /* BrandGridView.swift in Sources */,
				1D051BD526039400005FE3E3 /* RatingsSizesDetailView.swift in Sources */,
				1D6ED5442602FE5A00CE7266 /* TouchdownApp.swift in Sources */,
				1D1D70F0260346270055A5A5 /* ProductDetailView.swift in Sources */,
				1D051BC92603487C005FE3E3 /* NavigationBarDetailView.swift in Sources */,
				1D6ED566260301D100CE7266 /* Constants.swift in Sources */,
				1D1D70D82603290D0055A5A5 /* CategoryGridView.swift in Sources */,
				1D1D70D2260324410055A5A5 /* CategoryModel.swift in Sources */,
				1D5D3A8D260307F700EB7E97 /* NavigationBarView.swift in Sources */,
				1D1D70DB26032B8B0055A5A5 /* SectionView.swift in Sources */,
				1D1D70EA26033CC50055A5A5 /* BrandItemView.swift in Sources */,
				1D1D70D5260326550055A5A5 /* CategoryItemView.swift in Sources */,
				1D1D70CF260318490055A5A5 /* FeaturedTabView.swift in Sources */,
				1D051BD226038FC9005FE3E3 /* CustomShape.swift in Sources */,
				1D1D70C6260313160055A5A5 /* PlayerModel.swift in Sources */,
				1D1D70E726033C350055A5A5 /* BrandModel.swift in Sources */,
				1D1D70DE26032FB80055A5A5 /* TitleView.swift in Sources */,
				1D1D70E1260336410055A5A5 /* ProductModel.swift in Sources */,
			);
			runOnlyForDeploymentPostprocessing = 0;
		};
/* End PBXSourcesBuildPhase section */

/* Begin XCBuildConfiguration section */
		1D6ED54D2602FE5D00CE7266 /* Debug */ = {
			isa = XCBuildConfiguration;
			buildSettings = {
				ALWAYS_SEARCH_USER_PATHS = NO;
				CLANG_ANALYZER_NONNULL = YES;
				CLANG_ANALYZER_NUMBER_OBJECT_CONVERSION = YES_AGGRESSIVE;
				CLANG_CXX_LANGUAGE_STANDARD = "gnu++14";
				CLANG_CXX_LIBRARY = "libc++";
				CLANG_ENABLE_MODULES = YES;
				CLANG_ENABLE_OBJC_ARC = YES;
				CLANG_ENABLE_OBJC_WEAK = YES;
				CLANG_WARN_BLOCK_CAPTURE_AUTORELEASING = YES;
				CLANG_WARN_BOOL_CONVERSION = YES;
				CLANG_WARN_COMMA = YES;
				CLANG_WARN_CONSTANT_CONVERSION = YES;
				CLANG_WARN_DEPRECATED_OBJC_IMPLEMENTATIONS = YES;
				CLANG_WARN_DIRECT_OBJC_ISA_USAGE = YES_ERROR;
				CLANG_WARN_DOCUMENTATION_COMMENTS = YES;
				CLANG_WARN_EMPTY_BODY = YES;
				CLANG_WARN_ENUM_CONVERSION = YES;
				CLANG_WARN_INFINITE_RECURSION = YES;
				CLANG_WARN_INT_CONVERSION = YES;
				CLANG_WARN_NON_LITERAL_NULL_CONVERSION = YES;
				CLANG_WARN_OBJC_IMPLICIT_RETAIN_SELF = YES;
				CLANG_WARN_OBJC_LITERAL_CONVERSION = YES;
				CLANG_WARN_OBJC_ROOT_CLASS = YES_ERROR;
				CLANG_WARN_QUOTED_INCLUDE_IN_FRAMEWORK_HEADER = YES;
				CLANG_WARN_RANGE_LOOP_ANALYSIS = YES;
				CLANG_WARN_STRICT_PROTOTYPES = YES;
				CLANG_WARN_SUSPICIOUS_MOVE = YES;
				CLANG_WARN_UNGUARDED_AVAILABILITY = YES_AGGRESSIVE;
				CLANG_WARN_UNREACHABLE_CODE = YES;
				CLANG_WARN__DUPLICATE_METHOD_MATCH = YES;
				COPY_PHASE_STRIP = NO;
				DEBUG_INFORMATION_FORMAT = dwarf;
				ENABLE_STRICT_OBJC_MSGSEND = YES;
				ENABLE_TESTABILITY = YES;
				GCC_C_LANGUAGE_STANDARD = gnu11;
				GCC_DYNAMIC_NO_PIC = NO;
				GCC_NO_COMMON_BLOCKS = YES;
				GCC_OPTIMIZATION_LEVEL = 0;
				GCC_PREPROCESSOR_DEFINITIONS = (
					"DEBUG=1",
					"$(inherited)",
				);
				GCC_WARN_64_TO_32_BIT_CONVERSION = YES;
				GCC_WARN_ABOUT_RETURN_TYPE = YES_ERROR;
				GCC_WARN_UNDECLARED_SELECTOR = YES;
				GCC_WARN_UNINITIALIZED_AUTOS = YES_AGGRESSIVE;
				GCC_WARN_UNUSED_FUNCTION = YES;
				GCC_WARN_UNUSED_VARIABLE = YES;
				IPHONEOS_DEPLOYMENT_TARGET = 14.4;
				MTL_ENABLE_DEBUG_INFO = INCLUDE_SOURCE;
				MTL_FAST_MATH = YES;
				ONLY_ACTIVE_ARCH = YES;
				SDKROOT = iphoneos;
				SWIFT_ACTIVE_COMPILATION_CONDITIONS = DEBUG;
				SWIFT_OPTIMIZATION_LEVEL = "-Onone";
			};
			name = Debug;
		};
		1D6ED54E2602FE5D00CE7266 /* Release */ = {
			isa = XCBuildConfiguration;
			buildSettings = {
				ALWAYS_SEARCH_USER_PATHS = NO;
				CLANG_ANALYZER_NONNULL = YES;
				CLANG_ANALYZER_NUMBER_OBJECT_CONVERSION = YES_AGGRESSIVE;
				CLANG_CXX_LANGUAGE_STANDARD = "gnu++14";
				CLANG_CXX_LIBRARY = "libc++";
				CLANG_ENABLE_MODULES = YES;
				CLANG_ENABLE_OBJC_ARC = YES;
				CLANG_ENABLE_OBJC_WEAK = YES;
				CLANG_WARN_BLOCK_CAPTURE_AUTORELEASING = YES;
				CLANG_WARN_BOOL_CONVERSION = YES;
				CLANG_WARN_COMMA = YES;
				CLANG_WARN_CONSTANT_CONVERSION = YES;
				CLANG_WARN_DEPRECATED_OBJC_IMPLEMENTATIONS = YES;
				CLANG_WARN_DIRECT_OBJC_ISA_USAGE = YES_ERROR;
				CLANG_WARN_DOCUMENTATION_COMMENTS = YES;
				CLANG_WARN_EMPTY_BODY = YES;
				CLANG_WARN_ENUM_CONVERSION = YES;
				CLANG_WARN_INFINITE_RECURSION = YES;
				CLANG_WARN_INT_CONVERSION = YES;
				CLANG_WARN_NON_LITERAL_NULL_CONVERSION = YES;
				CLANG_WARN_OBJC_IMPLICIT_RETAIN_SELF = YES;
				CLANG_WARN_OBJC_LITERAL_CONVERSION = YES;
				CLANG_WARN_OBJC_ROOT_CLASS = YES_ERROR;
				CLANG_WARN_QUOTED_INCLUDE_IN_FRAMEWORK_HEADER = YES;
				CLANG_WARN_RANGE_LOOP_ANALYSIS = YES;
				CLANG_WARN_STRICT_PROTOTYPES = YES;
				CLANG_WARN_SUSPICIOUS_MOVE = YES;
				CLANG_WARN_UNGUARDED_AVAILABILITY = YES_AGGRESSIVE;
				CLANG_WARN_UNREACHABLE_CODE = YES;
				CLANG_WARN__DUPLICATE_METHOD_MATCH = YES;
				COPY_PHASE_STRIP = NO;
				DEBUG_INFORMATION_FORMAT = "dwarf-with-dsym";
				ENABLE_NS_ASSERTIONS = NO;
				ENABLE_STRICT_OBJC_MSGSEND = YES;
				GCC_C_LANGUAGE_STANDARD = gnu11;
				GCC_NO_COMMON_BLOCKS = YES;
				GCC_WARN_64_TO_32_BIT_CONVERSION = YES;
				GCC_WARN_ABOUT_RETURN_TYPE = YES_ERROR;
				GCC_WARN_UNDECLARED_SELECTOR = YES;
				GCC_WARN_UNINITIALIZED_AUTOS = YES_AGGRESSIVE;
				GCC_WARN_UNUSED_FUNCTION = YES;
				GCC_WARN_UNUSED_VARIABLE = YES;
				IPHONEOS_DEPLOYMENT_TARGET = 14.4;
				MTL_ENABLE_DEBUG_INFO = NO;
				MTL_FAST_MATH = YES;
				SDKROOT = iphoneos;
				SWIFT_COMPILATION_MODE = wholemodule;
				SWIFT_OPTIMIZATION_LEVEL = "-O";
				VALIDATE_PRODUCT = YES;
			};
			name = Release;
		};
		1D6ED5502602FE5D00CE7266 /* Debug */ = {
			isa = XCBuildConfiguration;
			buildSettings = {
				ASSETCATALOG_COMPILER_APPICON_NAME = AppIcon;
				ASSETCATALOG_COMPILER_GLOBAL_ACCENT_COLOR_NAME = AccentColor;
				CODE_SIGN_STYLE = Automatic;
				DEVELOPMENT_ASSET_PATHS = "\"Touchdown/Preview Content\"";
				DEVELOPMENT_TEAM = 5HZQ3M82FA;
				ENABLE_PREVIEWS = YES;
				INFOPLIST_FILE = Touchdown/Info.plist;
				IPHONEOS_DEPLOYMENT_TARGET = 14.0;
				LD_RUNPATH_SEARCH_PATHS = (
					"$(inherited)",
					"@executable_path/Frameworks",
				);
				PRODUCT_BUNDLE_IDENTIFIER = Seunghun.Touchdown;
				PRODUCT_NAME = "$(TARGET_NAME)";
				SWIFT_VERSION = 5.0;
				TARGETED_DEVICE_FAMILY = "1,2";
			};
			name = Debug;
		};
		1D6ED5512602FE5D00CE7266 /* Release */ = {
			isa = XCBuildConfiguration;
			buildSettings = {
				ASSETCATALOG_COMPILER_APPICON_NAME = AppIcon;
				ASSETCATALOG_COMPILER_GLOBAL_ACCENT_COLOR_NAME = AccentColor;
				CODE_SIGN_STYLE = Automatic;
				DEVELOPMENT_ASSET_PATHS = "\"Touchdown/Preview Content\"";
				DEVELOPMENT_TEAM = 5HZQ3M82FA;
				ENABLE_PREVIEWS = YES;
				INFOPLIST_FILE = Touchdown/Info.plist;
				IPHONEOS_DEPLOYMENT_TARGET = 14.0;
				LD_RUNPATH_SEARCH_PATHS = (
					"$(inherited)",
					"@executable_path/Frameworks",
				);
				PRODUCT_BUNDLE_IDENTIFIER = Seunghun.Touchdown;
				PRODUCT_NAME = "$(TARGET_NAME)";
				SWIFT_VERSION = 5.0;
				TARGETED_DEVICE_FAMILY = "1,2";
			};
			name = Release;
		};
/* End XCBuildConfiguration section */

/* Begin XCConfigurationList section */
		1D6ED53B2602FE5A00CE7266 /* Build configuration list for PBXProject "Touchdown" */ = {
			isa = XCConfigurationList;
			buildConfigurations = (
				1D6ED54D2602FE5D00CE7266 /* Debug */,
				1D6ED54E2602FE5D00CE7266 /* Release */,
			);
			defaultConfigurationIsVisible = 0;
			defaultConfigurationName = Release;
		};
		1D6ED54F2602FE5D00CE7266 /* Build configuration list for PBXNativeTarget "Touchdown" */ = {
			isa = XCConfigurationList;
			buildConfigurations = (
				1D6ED5502602FE5D00CE7266 /* Debug */,
				1D6ED5512602FE5D00CE7266 /* Release */,
			);
			defaultConfigurationIsVisible = 0;
			defaultConfigurationName = Release;
		};
/* End XCConfigurationList section */
	};
	rootObject = 1D6ED5382602FE5A00CE7266 /* Project object */;
}
